
Microsoft Visual Studio Solution File, Format Version 12.00
# Visual Studio 15
VisualStudioVersion = 15.0.26730.3
MinimumVisualStudioVersion = 10.0.40219.1
Project("{2150E333-8FDC-42A3-9474-1A3956D46DE8}") = "WCE", "WCE", "{91F5AF9E-BA02-4C48-8A9A-7A4DA8EDD58C}"
EndProject
Project("{2150E333-8FDC-42A3-9474-1A3956D46DE8}") = "XP", "XP", "{29A5B38E-3175-4B52-845F-575AD9400F3A}"
EndProject
Project("{FAE04EC0-301F-11D3-BF4B-00C04F79EFBC}") = "UHFAPI_NET", "UHFAPI_NET\UHFAPI_NET.csproj", "{F460101A-F857-48A8-A271-D03F48E4693E}"
EndProject
Project("{FAE04EC0-301F-11D3-BF4B-00C04F79EFBC}") = "R900APP_net", "R900APP_net\R900APP_net.csproj", "{192A2A05-332C-43A8-A5D1-302A795E4D7E}"
EndProject
Project("{FAE04EC0-301F-11D3-BF4B-00C04F79EFBC}") = "R900APP(XP)_net", "R900APP(XP)_net\R900APP(XP)_net.csproj", "{D7FB50EF-BB3B-40E4-A4C7-182D818EF08F}"
	ProjectSection(ProjectDependencies) = postProject
		{5CB984E6-41EB-45F7-B099-82CEE9E4F5F3} = {5CB984E6-41EB-45F7-B099-82CEE9E4F5F3}
	EndProjectSection
EndProject
Project("{FAE04EC0-301F-11D3-BF4B-00C04F79EFBC}") = "UHFAPI(XP)_net", "UHFAPI(XP)_net\UHFAPI(XP)_net.csproj", "{5CB984E6-41EB-45F7-B099-82CEE9E4F5F3}"
EndProject
Global
	GlobalSection(SolutionConfigurationPlatforms) = preSolution
		Debug|Any CPU = Debug|Any CPU
		Debug|AT570_PS (ARMV4I) = Debug|AT570_PS (ARMV4I)
		Debug|DOT146 (ARMV4I) = Debug|DOT146 (ARMV4I)
		Debug|H100_WCE500 (ARMV4I) = Debug|H100_WCE500 (ARMV4I)
		Debug|Mixed Platforms = Debug|Mixed Platforms
		Debug|Pocket PC 2003 (ARMV4) = Debug|Pocket PC 2003 (ARMV4)
		Debug|Smartphone 2003 (ARMV4) = Debug|Smartphone 2003 (ARMV4)
		Debug|STANDARDSDK_500 (ARMV4I) = Debug|STANDARDSDK_500 (ARMV4I)
		Debug|STANDARDSDK_500 (MIPSII) = Debug|STANDARDSDK_500 (MIPSII)
		Debug|STANDARDSDK_500 (MIPSII_FP) = Debug|STANDARDSDK_500 (MIPSII_FP)
		Debug|STANDARDSDK_500 (MIPSIV) = Debug|STANDARDSDK_500 (MIPSIV)
		Debug|STANDARDSDK_500 (MIPSIV_FP) = Debug|STANDARDSDK_500 (MIPSIV_FP)
		Debug|STANDARDSDK_500 (SH4) = Debug|STANDARDSDK_500 (SH4)
		Debug|STANDARDSDK_500 (x86) = Debug|STANDARDSDK_500 (x86)
		Debug|Win32 = Debug|Win32
		Debug|Windows Mobile 6 Standard SDK (ARMV4I) = Debug|Windows Mobile 6 Standard SDK (ARMV4I)
		Release|Any CPU = Release|Any CPU
		Release|AT570_PS (ARMV4I) = Release|AT570_PS (ARMV4I)
		Release|DOT146 (ARMV4I) = Release|DOT146 (ARMV4I)
		Release|H100_WCE500 (ARMV4I) = Release|H100_WCE500 (ARMV4I)
		Release|Mixed Platforms = Release|Mixed Platforms
		Release|Pocket PC 2003 (ARMV4) = Release|Pocket PC 2003 (ARMV4)
		Release|Smartphone 2003 (ARMV4) = Release|Smartphone 2003 (ARMV4)
		Release|STANDARDSDK_500 (ARMV4I) = Release|STANDARDSDK_500 (ARMV4I)
		Release|STANDARDSDK_500 (MIPSII) = Release|STANDARDSDK_500 (MIPSII)
		Release|STANDARDSDK_500 (MIPSII_FP) = Release|STANDARDSDK_500 (MIPSII_FP)
		Release|STANDARDSDK_500 (MIPSIV) = Release|STANDARDSDK_500 (MIPSIV)
		Release|STANDARDSDK_500 (MIPSIV_FP) = Release|STANDARDSDK_500 (MIPSIV_FP)
		Release|STANDARDSDK_500 (SH4) = Release|STANDARDSDK_500 (SH4)
		Release|STANDARDSDK_500 (x86) = Release|STANDARDSDK_500 (x86)
		Release|Win32 = Release|Win32
		Release|Windows Mobile 6 Standard SDK (ARMV4I) = Release|Windows Mobile 6 Standard SDK (ARMV4I)
	EndGlobalSection
	GlobalSection(ProjectConfigurationPlatforms) = postSolution
		{F460101A-F857-48A8-A271-D03F48E4693E}.Debug|Any CPU.ActiveCfg = Debug|Any CPU
		{F460101A-F857-48A8-A271-D03F48E4693E}.Debug|AT570_PS (ARMV4I).ActiveCfg = Debug|Any CPU
		{F460101A-F857-48A8-A271-D03F48E4693E}.Debug|DOT146 (ARMV4I).ActiveCfg = Debug|Any CPU
		{F460101A-F857-48A8-A271-D03F48E4693E}.Debug|H100_WCE500 (ARMV4I).ActiveCfg = Debug|Any CPU
		{F460101A-F857-48A8-A271-D03F48E4693E}.Debug|Mixed Platforms.ActiveCfg = Debug|Any CPU
		{F460101A-F857-48A8-A271-D03F48E4693E}.Debug|Mixed Platforms.Build.0 = Debug|Any CPU
		{F460101A-F857-48A8-A271-D03F48E4693E}.Debug|Pocket PC 2003 (ARMV4).ActiveCfg = Debug|Any CPU
		{F460101A-F857-48A8-A271-D03F48E4693E}.Debug|Smartphone 2003 (ARMV4).ActiveCfg = Debug|Any CPU
		{F460101A-F857-48A8-A271-D03F48E4693E}.Debug|STANDARDSDK_500 (ARMV4I).ActiveCfg = Debug|Any CPU
		{F460101A-F857-48A8-A271-D03F48E4693E}.Debug|STANDARDSDK_500 (MIPSII).ActiveCfg = Debug|Any CPU
		{F460101A-F857-48A8-A271-D03F48E4693E}.Debug|STANDARDSDK_500 (MIPSII_FP).ActiveCfg = Debug|Any CPU
		{F460101A-F857-48A8-A271-D03F48E4693E}.Debug|STANDARDSDK_500 (MIPSIV).ActiveCfg = Debug|Any CPU
		{F460101A-F857-48A8-A271-D03F48E4693E}.Debug|STANDARDSDK_500 (MIPSIV_FP).ActiveCfg = Debug|Any CPU
		{F460101A-F857-48A8-A271-D03F48E4693E}.Debug|STANDARDSDK_500 (SH4).ActiveCfg = Debug|Any CPU
		{F460101A-F857-48A8-A271-D03F48E4693E}.Debug|STANDARDSDK_500 (x86).ActiveCfg = Debug|Any CPU
		{F460101A-F857-48A8-A271-D03F48E4693E}.Debug|Win32.ActiveCfg = Debug|Any CPU
		{F460101A-F857-48A8-A271-D03F48E4693E}.Debug|Windows Mobile 6 Standard SDK (ARMV4I).ActiveCfg = Debug|Any CPU
		{F460101A-F857-48A8-A271-D03F48E4693E}.Release|Any CPU.ActiveCfg = Release|Any CPU
		{F460101A-F857-48A8-A271-D03F48E4693E}.Release|Any CPU.Build.0 = Release|Any CPU
		{F460101A-F857-48A8-A271-D03F48E4693E}.Release|AT570_PS (ARMV4I).ActiveCfg = Release|Any CPU
		{F460101A-F857-48A8-A271-D03F48E4693E}.Release|DOT146 (ARMV4I).ActiveCfg = Release|Any CPU
		{F460101A-F857-48A8-A271-D03F48E4693E}.Release|H100_WCE500 (ARMV4I).ActiveCfg = Release|Any CPU
		{F460101A-F857-48A8-A271-D03F48E4693E}.Release|Mixed Platforms.ActiveCfg = Release|Any CPU
		{F460101A-F857-48A8-A271-D03F48E4693E}.Release|Mixed Platforms.Build.0 = Release|Any CPU
		{F460101A-F857-48A8-A271-D03F48E4693E}.Release|Pocket PC 2003 (ARMV4).ActiveCfg = Release|Any CPU
		{F460101A-F857-48A8-A271-D03F48E4693E}.Release|Smartphone 2003 (ARMV4).ActiveCfg = Release|Any CPU
		{F460101A-F857-48A8-A271-D03F48E4693E}.Release|STANDARDSDK_500 (ARMV4I).ActiveCfg = Release|Any CPU
		{F460101A-F857-48A8-A271-D03F48E4693E}.Release|STANDARDSDK_500 (MIPSII).ActiveCfg = Release|Any CPU
		{F460101A-F857-48A8-A271-D03F48E4693E}.Release|STANDARDSDK_500 (MIPSII_FP).ActiveCfg = Release|Any CPU
		{F460101A-F857-48A8-A271-D03F48E4693E}.Release|STANDARDSDK_500 (MIPSIV).ActiveCfg = Release|Any CPU
		{F460101A-F857-48A8-A271-D03F48E4693E}.Release|STANDARDSDK_500 (MIPSIV_FP).ActiveCfg = Release|Any CPU
		{F460101A-F857-48A8-A271-D03F48E4693E}.Release|STANDARDSDK_500 (SH4).ActiveCfg = Release|Any CPU
		{F460101A-F857-48A8-A271-D03F48E4693E}.Release|STANDARDSDK_500 (x86).ActiveCfg = Release|Any CPU
		{F460101A-F857-48A8-A271-D03F48E4693E}.Release|Win32.ActiveCfg = Release|Any CPU
		{F460101A-F857-48A8-A271-D03F48E4693E}.Release|Windows Mobile 6 Standard SDK (ARMV4I).ActiveCfg = Release|Any CPU
		{192A2A05-332C-43A8-A5D1-302A795E4D7E}.Debug|Any CPU.ActiveCfg = Debug|Any CPU
		{192A2A05-332C-43A8-A5D1-302A795E4D7E}.Debug|AT570_PS (ARMV4I).ActiveCfg = Debug|Any CPU
		{192A2A05-332C-43A8-A5D1-302A795E4D7E}.Debug|DOT146 (ARMV4I).ActiveCfg = Debug|Any CPU
		{192A2A05-332C-43A8-A5D1-302A795E4D7E}.Debug|H100_WCE500 (ARMV4I).ActiveCfg = Debug|Any CPU
		{192A2A05-332C-43A8-A5D1-302A795E4D7E}.Debug|Mixed Platforms.ActiveCfg = Debug|Any CPU
		{192A2A05-332C-43A8-A5D1-302A795E4D7E}.Debug|Mixed Platforms.Build.0 = Debug|Any CPU
		{192A2A05-332C-43A8-A5D1-302A795E4D7E}.Debug|Mixed Platforms.Deploy.0 = Debug|Any CPU
		{192A2A05-332C-43A8-A5D1-302A795E4D7E}.Debug|Pocket PC 2003 (ARMV4).ActiveCfg = Debug|Any CPU
		{192A2A05-332C-43A8-A5D1-302A795E4D7E}.Debug|Smartphone 2003 (ARMV4).ActiveCfg = Debug|Any CPU
		{192A2A05-332C-43A8-A5D1-302A795E4D7E}.Debug|STANDARDSDK_500 (ARMV4I).ActiveCfg = Debug|Any CPU
		{192A2A05-332C-43A8-A5D1-302A795E4D7E}.Debug|STANDARDSDK_500 (MIPSII).ActiveCfg = Debug|Any CPU
		{192A2A05-332C-43A8-A5D1-302A795E4D7E}.Debug|STANDARDSDK_500 (MIPSII_FP).ActiveCfg = Debug|Any CPU
		{192A2A05-332C-43A8-A5D1-302A795E4D7E}.Debug|STANDARDSDK_500 (MIPSIV).ActiveCfg = Debug|Any CPU
		{192A2A05-332C-43A8-A5D1-302A795E4D7E}.Debug|STANDARDSDK_500 (MIPSIV_FP).ActiveCfg = Debug|Any CPU
		{192A2A05-332C-43A8-A5D1-302A795E4D7E}.Debug|STANDARDSDK_500 (SH4).ActiveCfg = Debug|Any CPU
		{192A2A05-332C-43A8-A5D1-302A795E4D7E}.Debug|STANDARDSDK_500 (x86).ActiveCfg = Debug|Any CPU
		{192A2A05-332C-43A8-A5D1-302A795E4D7E}.Debug|Win32.ActiveCfg = Debug|Any CPU
		{192A2A05-332C-43A8-A5D1-302A795E4D7E}.Debug|Windows Mobile 6 Standard SDK (ARMV4I).ActiveCfg = Debug|Any CPU
		{192A2A05-332C-43A8-A5D1-302A795E4D7E}.Release|Any CPU.ActiveCfg = Release|Any CPU
		{192A2A05-332C-43A8-A5D1-302A795E4D7E}.Release|Any CPU.Build.0 = Release|Any CPU
		{192A2A05-332C-43A8-A5D1-302A795E4D7E}.Release|Any CPU.Deploy.0 = Release|Any CPU
		{192A2A05-332C-43A8-A5D1-302A795E4D7E}.Release|AT570_PS (ARMV4I).ActiveCfg = Release|Any CPU
		{192A2A05-332C-43A8-A5D1-302A795E4D7E}.Release|DOT146 (ARMV4I).ActiveCfg = Release|Any CPU
		{192A2A05-332C-43A8-A5D1-302A795E4D7E}.Release|H100_WCE500 (ARMV4I).ActiveCfg = Release|Any CPU
		{192A2A05-332C-43A8-A5D1-302A795E4D7E}.Release|Mixed Platforms.ActiveCfg = Release|Any CPU
		{192A2A05-332C-43A8-A5D1-302A795E4D7E}.Release|Mixed Platforms.Build.0 = Release|Any CPU
		{192A2A05-332C-43A8-A5D1-302A795E4D7E}.Release|Mixed Platforms.Deploy.0 = Release|Any CPU
		{192A2A05-332C-43A8-A5D1-302A795E4D7E}.Release|Pocket PC 2003 (ARMV4).ActiveCfg = Release|Any CPU
		{192A2A05-332C-43A8-A5D1-302A795E4D7E}.Release|Smartphone 2003 (ARMV4).ActiveCfg = Release|Any CPU
		{192A2A05-332C-43A8-A5D1-302A795E4D7E}.Release|STANDARDSDK_500 (ARMV4I).ActiveCfg = Release|Any CPU
		{192A2A05-332C-43A8-A5D1-302A795E4D7E}.Release|STANDARDSDK_500 (MIPSII).ActiveCfg = Release|Any CPU
		{192A2A05-332C-43A8-A5D1-302A795E4D7E}.Release|STANDARDSDK_500 (MIPSII_FP).ActiveCfg = Release|Any CPU
		{192A2A05-332C-43A8-A5D1-302A795E4D7E}.Release|STANDARDSDK_500 (MIPSIV).ActiveCfg = Release|Any CPU
		{192A2A05-332C-43A8-A5D1-302A795E4D7E}.Release|STANDARDSDK_500 (MIPSIV_FP).ActiveCfg = Release|Any CPU
		{192A2A05-332C-43A8-A5D1-302A795E4D7E}.Release|STANDARDSDK_500 (SH4).ActiveCfg = Release|Any CPU
		{192A2A05-332C-43A8-A5D1-302A795E4D7E}.Release|STANDARDSDK_500 (x86).ActiveCfg = Release|Any CPU
		{192A2A05-332C-43A8-A5D1-302A795E4D7E}.Release|Win32.ActiveCfg = Release|Any CPU
		{192A2A05-332C-43A8-A5D1-302A795E4D7E}.Release|Windows Mobile 6 Standard SDK (ARMV4I).ActiveCfg = Release|Any CPU
		{D7FB50EF-BB3B-40E4-A4C7-182D818EF08F}.Debug|Any CPU.ActiveCfg = Debug|Any CPU
		{D7FB50EF-BB3B-40E4-A4C7-182D818EF08F}.Debug|Any CPU.Build.0 = Debug|Any CPU
		{D7FB50EF-BB3B-40E4-A4C7-182D818EF08F}.Debug|Any CPU.Deploy.0 = Debug|Any CPU
		{D7FB50EF-BB3B-40E4-A4C7-182D818EF08F}.Debug|AT570_PS (ARMV4I).ActiveCfg = Debug|Any CPU
		{D7FB50EF-BB3B-40E4-A4C7-182D818EF08F}.Debug|DOT146 (ARMV4I).ActiveCfg = Debug|Any CPU
		{D7FB50EF-BB3B-40E4-A4C7-182D818EF08F}.Debug|H100_WCE500 (ARMV4I).ActiveCfg = Debug|Any CPU
		{D7FB50EF-BB3B-40E4-A4C7-182D818EF08F}.Debug|Mixed Platforms.ActiveCfg = Debug|Any CPU
		{D7FB50EF-BB3B-40E4-A4C7-182D818EF08F}.Debug|Mixed Platforms.Build.0 = Debug|Any CPU
		{D7FB50EF-BB3B-40E4-A4C7-182D818EF08F}.Debug|Pocket PC 2003 (ARMV4).ActiveCfg = Debug|Any CPU
		{D7FB50EF-BB3B-40E4-A4C7-182D818EF08F}.Debug|Smartphone 2003 (ARMV4).ActiveCfg = Debug|Any CPU
		{D7FB50EF-BB3B-40E4-A4C7-182D818EF08F}.Debug|STANDARDSDK_500 (ARMV4I).ActiveCfg = Debug|Any CPU
		{D7FB50EF-BB3B-40E4-A4C7-182D818EF08F}.Debug|STANDARDSDK_500 (MIPSII).ActiveCfg = Debug|Any CPU
		{D7FB50EF-BB3B-40E4-A4C7-182D818EF08F}.Debug|STANDARDSDK_500 (MIPSII_FP).ActiveCfg = Debug|Any CPU
		{D7FB50EF-BB3B-40E4-A4C7-182D818EF08F}.Debug|STANDARDSDK_500 (MIPSIV).ActiveCfg = Debug|Any CPU
		{D7FB50EF-BB3B-40E4-A4C7-182D818EF08F}.Debug|STANDARDSDK_500 (MIPSIV_FP).ActiveCfg = Debug|Any CPU
		{D7FB50EF-BB3B-40E4-A4C7-182D818EF08F}.Debug|STANDARDSDK_500 (SH4).ActiveCfg = Debug|Any CPU
		{D7FB50EF-BB3B-40E4-A4C7-182D818EF08F}.Debug|STANDARDSDK_500 (x86).ActiveCfg = Debug|Any CPU
		{D7FB50EF-BB3B-40E4-A4C7-182D818EF08F}.Debug|Win32.ActiveCfg = Debug|Any CPU
		{D7FB50EF-BB3B-40E4-A4C7-182D818EF08F}.Debug|Windows Mobile 6 Standard SDK (ARMV4I).ActiveCfg = Debug|Any CPU
		{D7FB50EF-BB3B-40E4-A4C7-182D818EF08F}.Release|Any CPU.ActiveCfg = Release|Any CPU
		{D7FB50EF-BB3B-40E4-A4C7-182D818EF08F}.Release|Any CPU.Build.0 = Release|Any CPU
		{D7FB50EF-BB3B-40E4-A4C7-182D818EF08F}.Release|AT570_PS (ARMV4I).ActiveCfg = Release|Any CPU
		{D7FB50EF-BB3B-40E4-A4C7-182D818EF08F}.Release|DOT146 (ARMV4I).ActiveCfg = Release|Any CPU
		{D7FB50EF-BB3B-40E4-A4C7-182D818EF08F}.Release|H100_WCE500 (ARMV4I).ActiveCfg = Release|Any CPU
		{D7FB50EF-BB3B-40E4-A4C7-182D818EF08F}.Release|Mixed Platforms.ActiveCfg = Release|Any CPU
		{D7FB50EF-BB3B-40E4-A4C7-182D818EF08F}.Release|Mixed Platforms.Build.0 = Release|Any CPU
		{D7FB50EF-BB3B-40E4-A4C7-182D818EF08F}.Release|Pocket PC 2003 (ARMV4).ActiveCfg = Release|Any CPU
		{D7FB50EF-BB3B-40E4-A4C7-182D818EF08F}.Release|Smartphone 2003 (ARMV4).ActiveCfg = Release|Any CPU
		{D7FB50EF-BB3B-40E4-A4C7-182D818EF08F}.Release|STANDARDSDK_500 (ARMV4I).ActiveCfg = Release|Any CPU
		{D7FB50EF-BB3B-40E4-A4C7-182D818EF08F}.Release|STANDARDSDK_500 (MIPSII).ActiveCfg = Release|Any CPU
		{D7FB50EF-BB3B-40E4-A4C7-182D818EF08F}.Release|STANDARDSDK_500 (MIPSII_FP).ActiveCfg = Release|Any CPU
		{D7FB50EF-BB3B-40E4-A4C7-182D818EF08F}.Release|STANDARDSDK_500 (MIPSIV).ActiveCfg = Release|Any CPU
		{D7FB50EF-BB3B-40E4-A4C7-182D818EF08F}.Release|STANDARDSDK_500 (MIPSIV_FP).ActiveCfg = Release|Any CPU
		{D7FB50EF-BB3B-40E4-A4C7-182D818EF08F}.Release|STANDARDSDK_500 (SH4).ActiveCfg = Release|Any CPU
		{D7FB50EF-BB3B-40E4-A4C7-182D818EF08F}.Release|STANDARDSDK_500 (x86).ActiveCfg = Release|Any CPU
		{D7FB50EF-BB3B-40E4-A4C7-182D818EF08F}.Release|Win32.ActiveCfg = Release|Any CPU
		{D7FB50EF-BB3B-40E4-A4C7-182D818EF08F}.Release|Windows Mobile 6 Standard SDK (ARMV4I).ActiveCfg = Release|Any CPU
		{5CB984E6-41EB-45F7-B099-82CEE9E4F5F3}.Debug|Any CPU.ActiveCfg = Debug|Any CPU
		{5CB984E6-41EB-45F7-B099-82CEE9E4F5F3}.Debug|AT570_PS (ARMV4I).ActiveCfg = Debug|Any CPU
		{5CB984E6-41EB-45F7-B099-82CEE9E4F5F3}.Debug|DOT146 (ARMV4I).ActiveCfg = Debug|Any CPU
		{5CB984E6-41EB-45F7-B099-82CEE9E4F5F3}.Debug|H100_WCE500 (ARMV4I).ActiveCfg = Debug|Any CPU
		{5CB984E6-41EB-45F7-B099-82CEE9E4F5F3}.Debug|Mixed Platforms.ActiveCfg = Debug|Any CPU
		{5CB984E6-41EB-45F7-B099-82CEE9E4F5F3}.Debug|Mixed Platforms.Build.0 = Debug|Any CPU
		{5CB984E6-41EB-45F7-B099-82CEE9E4F5F3}.Debug|Pocket PC 2003 (ARMV4).ActiveCfg = Debug|Any CPU
		{5CB984E6-41EB-45F7-B099-82CEE9E4F5F3}.Debug|Smartphone 2003 (ARMV4).ActiveCfg = Debug|Any CPU
		{5CB984E6-41EB-45F7-B099-82CEE9E4F5F3}.Debug|STANDARDSDK_500 (ARMV4I).ActiveCfg = Debug|Any CPU
		{5CB984E6-41EB-45F7-B099-82CEE9E4F5F3}.Debug|STANDARDSDK_500 (MIPSII).ActiveCfg = Debug|Any CPU
		{5CB984E6-41EB-45F7-B099-82CEE9E4F5F3}.Debug|STANDARDSDK_500 (MIPSII_FP).ActiveCfg = Debug|Any CPU
		{5CB984E6-41EB-45F7-B099-82CEE9E4F5F3}.Debug|STANDARDSDK_500 (MIPSIV).ActiveCfg = Debug|Any CPU
		{5CB984E6-41EB-45F7-B099-82CEE9E4F5F3}.Debug|STANDARDSDK_500 (MIPSIV_FP).ActiveCfg = Debug|Any CPU
		{5CB984E6-41EB-45F7-B099-82CEE9E4F5F3}.Debug|STANDARDSDK_500 (SH4).ActiveCfg = Debug|Any CPU
		{5CB984E6-41EB-45F7-B099-82CEE9E4F5F3}.Debug|STANDARDSDK_500 (x86).ActiveCfg = Debug|Any CPU
		{5CB984E6-41EB-45F7-B099-82CEE9E4F5F3}.Debug|Win32.ActiveCfg = Debug|Any CPU
		{5CB984E6-41EB-45F7-B099-82CEE9E4F5F3}.Debug|Windows Mobile 6 Standard SDK (ARMV4I).ActiveCfg = Debug|Any CPU
		{5CB984E6-41EB-45F7-B099-82CEE9E4F5F3}.Release|Any CPU.ActiveCfg = Release|Any CPU
		{5CB984E6-41EB-45F7-B099-82CEE9E4F5F3}.Release|Any CPU.Build.0 = Release|Any CPU
		{5CB984E6-41EB-45F7-B099-82CEE9E4F5F3}.Release|AT570_PS (ARMV4I).ActiveCfg = Release|Any CPU
		{5CB984E6-41EB-45F7-B099-82CEE9E4F5F3}.Release|DOT146 (ARMV4I).ActiveCfg = Release|Any CPU
		{5CB984E6-41EB-45F7-B099-82CEE9E4F5F3}.Release|H100_WCE500 (ARMV4I).ActiveCfg = Release|Any CPU
		{5CB984E6-41EB-45F7-B099-82CEE9E4F5F3}.Release|Mixed Platforms.ActiveCfg = Release|Any CPU
		{5CB984E6-41EB-45F7-B099-82CEE9E4F5F3}.Release|Mixed Platforms.Build.0 = Release|Any CPU
		{5CB984E6-41EB-45F7-B099-82CEE9E4F5F3}.Release|Pocket PC 2003 (ARMV4).ActiveCfg = Release|Any CPU
		{5CB984E6-41EB-45F7-B099-82CEE9E4F5F3}.Release|Smartphone 2003 (ARMV4).ActiveCfg = Release|Any CPU
		{5CB984E6-41EB-45F7-B099-82CEE9E4F5F3}.Release|STANDARDSDK_500 (ARMV4I).ActiveCfg = Release|Any CPU
		{5CB984E6-41EB-45F7-B099-82CEE9E4F5F3}.Release|STANDARDSDK_500 (MIPSII).ActiveCfg = Release|Any CPU
		{5CB984E6-41EB-45F7-B099-82CEE9E4F5F3}.Release|STANDARDSDK_500 (MIPSII_FP).ActiveCfg = Release|Any CPU
		{5CB984E6-41EB-45F7-B099-82CEE9E4F5F3}.Release|STANDARDSDK_500 (MIPSIV).ActiveCfg = Release|Any CPU
		{5CB984E6-41EB-45F7-B099-82CEE9E4F5F3}.Release|STANDARDSDK_500 (MIPSIV_FP).ActiveCfg = Release|Any CPU
		{5CB984E6-41EB-45F7-B099-82CEE9E4F5F3}.Release|STANDARDSDK_500 (SH4).ActiveCfg = Release|Any CPU
		{5CB984E6-41EB-45F7-B099-82CEE9E4F5F3}.Release|STANDARDSDK_500 (x86).ActiveCfg = Release|Any CPU
		{5CB984E6-41EB-45F7-B099-82CEE9E4F5F3}.Release|Win32.ActiveCfg = Release|Any CPU
		{5CB984E6-41EB-45F7-B099-82CEE9E4F5F3}.Release|Windows Mobile 6 Standard SDK (ARMV4I).ActiveCfg = Release|Any CPU
	EndGlobalSection
	GlobalSection(SolutionProperties) = preSolution
		HideSolutionNode = FALSE
	EndGlobalSection
	GlobalSection(NestedProjects) = preSolution
		{F460101A-F857-48A8-A271-D03F48E4693E} = {91F5AF9E-BA02-4C48-8A9A-7A4DA8EDD58C}
		{192A2A05-332C-43A8-A5D1-302A795E4D7E} = {91F5AF9E-BA02-4C48-8A9A-7A4DA8EDD58C}
		{D7FB50EF-BB3B-40E4-A4C7-182D818EF08F} = {29A5B38E-3175-4B52-845F-575AD9400F3A}
		{5CB984E6-41EB-45F7-B099-82CEE9E4F5F3} = {29A5B38E-3175-4B52-845F-575AD9400F3A}
	EndGlobalSection
	GlobalSection(ExtensibilityGlobals) = postSolution
		SolutionGuid = {535ED032-92F4-4682-AD74-49566BFD3BC8}
	EndGlobalSection
EndGlobal
